
Microsoft Visual Studio Solution File, Format Version 12.00
# Visual Studio Version 17
VisualStudioVersion = 17.6.33815.320
MinimumVisualStudioVersion = 10.0.40219.1
Project("{9A19103F-16F7-4668-BE54-9A1E7A4F7556}") = "WishCinema.Web", "src\WishCinema.Web\WishCinema.Web.csproj", "{C0CD636A-7589-4317-98A3-DB1302FCC511}"
EndProject
Project("{FAE04EC0-301F-11D3-BF4B-00C04F79EFBC}") = "WishCinema.Persistence", "src\WishCinema.Persistence\WishCinema.Persistence.csproj", "{81C9478C-BD40-43DF-9172-6A55993FD008}"
EndProject
Project("{FAE04EC0-301F-11D3-BF4B-00C04F79EFBC}") = "WishCinema.Domain", "src\WishCinema.Domain\WishCinema.Domain.csproj", "{49F5103D-17F4-4214-9EB1-5FE0D4B997B8}"
EndProject
Project("{FAE04EC0-301F-11D3-BF4B-00C04F79EFBC}") = "WishCinema.Application", "src\WishCinema.Application\WishCinema.Application.csproj", "{A1D89334-3DB2-43CC-A958-D597A254C734}"
EndProject
Global
	GlobalSection(SolutionConfigurationPlatforms) = preSolution
		Debug|Any CPU = Debug|Any CPU
		Release|Any CPU = Release|Any CPU
	EndGlobalSection
	GlobalSection(ProjectConfigurationPlatforms) = postSolution
		{C0CD636A-7589-4317-98A3-DB1302FCC511}.Debug|Any CPU.ActiveCfg = Debug|Any CPU
		{C0CD636A-7589-4317-98A3-DB1302FCC511}.Debug|Any CPU.Build.0 = Debug|Any CPU
		{C0CD636A-7589-4317-98A3-DB1302FCC511}.Release|Any CPU.ActiveCfg = Release|Any CPU
		{C0CD636A-7589-4317-98A3-DB1302FCC511}.Release|Any CPU.Build.0 = Release|Any CPU
		{81C9478C-BD40-43DF-9172-6A55993FD008}.Debug|Any CPU.ActiveCfg = Debug|Any CPU
		{81C9478C-BD40-43DF-9172-6A55993FD008}.Debug|Any CPU.Build.0 = Debug|Any CPU
		{81C9478C-BD40-43DF-9172-6A55993FD008}.Release|Any CPU.ActiveCfg = Release|Any CPU
		{81C9478C-BD40-43DF-9172-6A55993FD008}.Release|Any CPU.Build.0 = Release|Any CPU
		{49F5103D-17F4-4214-9EB1-5FE0D4B997B8}.Debug|Any CPU.ActiveCfg = Debug|Any CPU
		{49F5103D-17F4-4214-9EB1-5FE0D4B997B8}.Debug|Any CPU.Build.0 = Debug|Any CPU
		{49F5103D-17F4-4214-9EB1-5FE0D4B997B8}.Release|Any CPU.ActiveCfg = Release|Any CPU
		{49F5103D-17F4-4214-9EB1-5FE0D4B997B8}.Release|Any CPU.Build.0 = Release|Any CPU
		{A1D89334-3DB2-43CC-A958-D597A254C734}.Debug|Any CPU.ActiveCfg = Debug|Any CPU
		{A1D89334-3DB2-43CC-A958-D597A254C734}.Debug|Any CPU.Build.0 = Debug|Any CPU
		{A1D89334-3DB2-43CC-A958-D597A254C734}.Release|Any CPU.ActiveCfg = Release|Any CPU
		{A1D89334-3DB2-43CC-A958-D597A254C734}.Release|Any CPU.Build.0 = Release|Any CPU
	EndGlobalSection
	GlobalSection(SolutionProperties) = preSolution
		HideSolutionNode = FALSE
	EndGlobalSection
	GlobalSection(ExtensibilityGlobals) = postSolution
		SolutionGuid = {57671B2C-D895-49BB-8C8F-4EA6DF94BB11}
	EndGlobalSection
EndGlobal
